
Microsoft Visual Studio Solution File, Format Version 12.00
# Visual Studio 15
Project("{FAE04EC0-301F-11D3-BF4B-00C04F79EFBC}") = "Assembly-CSharp", "Assembly-CSharp.csproj", "{89F96863-0A52-DF73-9C80-FEACA5E3C7D4}"
EndProject
Project("{FAE04EC0-301F-11D3-BF4B-00C04F79EFBC}") = "Assembly-CSharp-Editor", "Assembly-CSharp-Editor.csproj", "{CDE60E44-0D6B-4938-0D2F-E2FD48763970}"
EndProject
Global
	GlobalSection(SolutionConfigurationPlatforms) = preSolution
		Debug|Any CPU = Debug|Any CPU
		Release|Any CPU = Release|Any CPU
	EndGlobalSection
	GlobalSection(ProjectConfigurationPlatforms) = postSolution
		{89F96863-0A52-DF73-9C80-FEACA5E3C7D4}.Debug|Any CPU.ActiveCfg = Debug|Any CPU
		{89F96863-0A52-DF73-9C80-FEACA5E3C7D4}.Debug|Any CPU.Build.0 = Debug|Any CPU
		{89F96863-0A52-DF73-9C80-FEACA5E3C7D4}.Release|Any CPU.ActiveCfg = Release|Any CPU
		{89F96863-0A52-DF73-9C80-FEACA5E3C7D4}.Release|Any CPU.Build.0 = Release|Any CPU
		{CDE60E44-0D6B-4938-0D2F-E2FD48763970}.Debug|Any CPU.ActiveCfg = Debug|Any CPU
		{CDE60E44-0D6B-4938-0D2F-E2FD48763970}.Debug|Any CPU.Build.0 = Debug|Any CPU
		{CDE60E44-0D6B-4938-0D2F-E2FD48763970}.Release|Any CPU.ActiveCfg = Release|Any CPU
		{CDE60E44-0D6B-4938-0D2F-E2FD48763970}.Release|Any CPU.Build.0 = Release|Any CPU
	EndGlobalSection
	GlobalSection(SolutionProperties) = preSolution
		HideSolutionNode = FALSE
	EndGlobalSection
EndGlobal
